{
  "name": "webpack-series",
  "version": "1.0.0",
  "lockfileVersion": 1,
  "requires": true,
  "dependencies": {
    "compilerhooks-webpack-plugin": {
      "version": "github:sahidmiller/compilerhooks-webpack-plugin#ce5361f80a63ffb1316b31a546d56e6daeb1072e",
      "from": "github:sahidmiller/compilerhooks-webpack-plugin"
    }
  }
}
